
Microsoft Visual Studio Solution File, Format Version 12.00
# Visual Studio Version 17
VisualStudioVersion = 17.11.35219.272
MinimumVisualStudioVersion = 10.0.40219.1
Project("{8BC9CEB8-8B4A-11D0-8D11-00A0C91BC942}") = "Sudoku-Solver", "Sudoku-Solver.vcxproj", "{68841F91-00BA-48D0-A6D1-1E328E98E9C7}"
EndProject
Global
	GlobalSection(SolutionConfigurationPlatforms) = preSolution
		Debug|x64 = Debug|x64
		Release|x64 = Release|x64
	EndGlobalSection
	GlobalSection(ProjectConfigurationPlatforms) = postSolution
		{68841F91-00BA-48D0-A6D1-1E328E98E9C7}.Debug|x64.ActiveCfg = Debug|x64
		{68841F91-00BA-48D0-A6D1-1E328E98E9C7}.Debug|x64.Build.0 = Debug|x64
		{68841F91-00BA-48D0-A6D1-1E328E98E9C7}.Release|x64.ActiveCfg = Release|x64
		{68841F91-00BA-48D0-A6D1-1E328E98E9C7}.Release|x64.Build.0 = Release|x64
	EndGlobalSection
	GlobalSection(SolutionProperties) = preSolution
		HideSolutionNode = FALSE
	EndGlobalSection
	GlobalSection(ExtensibilityGlobals) = postSolution
		SolutionGuid = {CEDEBE3E-AF50-4EE3-81F7-84CFBFABDB9B}
	EndGlobalSection
EndGlobal
